{
  "name": "tfidf-based-problem-search-engine",
  "version": "1.0.0",
  "lockfileVersion": 2,
  "requires": true,
  "packages": {
    "": {
      "name": "tfidf-based-problem-search-engine",
      "version": "1.0.0",
      "license": "ISC",
      "dependencies": {
        "keyword-extractor": "^0.0.25"
      }
    },
    "node_modules/keyword-extractor": {
      "version": "0.0.25",
      "resolved": "https://registry.npmjs.org/keyword-extractor/-/keyword-extractor-0.0.25.tgz",
      "integrity": "sha512-OpsjHSrHMheOEm/K5FQhkXV2wALqFemeI+yub/k2K5suhmodw7wM0RhuHHkvOKJp6m+LdKp5sVKFYf6ZtSFhrA==",
      "engines": {
        "node": ">= 0.10.0"
      }
    }
  },
  "dependencies": {
    "keyword-extractor": {
      "version": "0.0.25",
      "resolved": "https://registry.npmjs.org/keyword-extractor/-/keyword-extractor-0.0.25.tgz",
      "integrity": "sha512-OpsjHSrHMheOEm/K5FQhkXV2wALqFemeI+yub/k2K5suhmodw7wM0RhuHHkvOKJp6m+LdKp5sVKFYf6ZtSFhrA=="
    }
  }
}
